
Microsoft Visual Studio Solution File, Format Version 12.00
# Visual Studio Version 17
VisualStudioVersion = 17.7.34024.191
MinimumVisualStudioVersion = 10.0.40219.1
Project("{9A19103F-16F7-4668-BE54-9A1E7A4F7556}") = "Shopping.API", "Shopping.API\Shopping.API.csproj", "{1F1AEBDC-69E5-4641-AB21-E1E40716C26C}"
EndProject
Project("{2150E333-8FDC-42A3-9474-1A3956D46DE8}") = "Services", "Services", "{E38DF36A-55D9-4E66-9751-1BE23514C8AD}"
EndProject
Project("{2150E333-8FDC-42A3-9474-1A3956D46DE8}") = "Frontend", "Frontend", "{FDC34B8B-C6F1-4605-9D18-BF46FAF518FB}"
EndProject
Project("{FAE04EC0-301F-11D3-BF4B-00C04F79EFBC}") = "Shopping.Web", "Shopping.Web\Shopping.Web.csproj", "{4EFD25FB-5095-459C-9D7D-8930B3BFD75F}"
EndProject
Global
	GlobalSection(SolutionConfigurationPlatforms) = preSolution
		Debug|Any CPU = Debug|Any CPU
		Release|Any CPU = Release|Any CPU
	EndGlobalSection
	GlobalSection(ProjectConfigurationPlatforms) = postSolution
		{1F1AEBDC-69E5-4641-AB21-E1E40716C26C}.Debug|Any CPU.ActiveCfg = Debug|Any CPU
		{1F1AEBDC-69E5-4641-AB21-E1E40716C26C}.Debug|Any CPU.Build.0 = Debug|Any CPU
		{1F1AEBDC-69E5-4641-AB21-E1E40716C26C}.Release|Any CPU.ActiveCfg = Release|Any CPU
		{1F1AEBDC-69E5-4641-AB21-E1E40716C26C}.Release|Any CPU.Build.0 = Release|Any CPU
		{4EFD25FB-5095-459C-9D7D-8930B3BFD75F}.Debug|Any CPU.ActiveCfg = Debug|Any CPU
		{4EFD25FB-5095-459C-9D7D-8930B3BFD75F}.Debug|Any CPU.Build.0 = Debug|Any CPU
		{4EFD25FB-5095-459C-9D7D-8930B3BFD75F}.Release|Any CPU.ActiveCfg = Release|Any CPU
		{4EFD25FB-5095-459C-9D7D-8930B3BFD75F}.Release|Any CPU.Build.0 = Release|Any CPU
	EndGlobalSection
	GlobalSection(SolutionProperties) = preSolution
		HideSolutionNode = FALSE
	EndGlobalSection
	GlobalSection(NestedProjects) = preSolution
		{1F1AEBDC-69E5-4641-AB21-E1E40716C26C} = {E38DF36A-55D9-4E66-9751-1BE23514C8AD}
		{4EFD25FB-5095-459C-9D7D-8930B3BFD75F} = {FDC34B8B-C6F1-4605-9D18-BF46FAF518FB}
	EndGlobalSection
	GlobalSection(ExtensibilityGlobals) = postSolution
		SolutionGuid = {CD288D16-6DEC-4D9C-B9EE-FD57851421D3}
	EndGlobalSection
EndGlobal
